// !$*UTF8*$!
{
	archiveVersion = 1;
	classes = {
	};
	objectVersion = 48;
	objects = {

/* Begin PBXBuildFile section */
		1B79635E20245985008C062B /* AppDelegate.swift in Sources */ = {isa = PBXBuildFile; fileRef = 1B79635D20245985008C062B /* AppDelegate.swift */; };
		1B79636020245985008C062B /* ViewController.swift in Sources */ = {isa = PBXBuildFile; fileRef = 1B79635F20245985008C062B /* ViewController.swift */; };
		1B79636320245985008C062B /* Main.storyboard in Resources */ = {isa = PBXBuildFile; fileRef = 1B79636120245985008C062B /* Main.storyboard */; };
		1B79636520245985008C062B /* Assets.xcassets in Resources */ = {isa = PBXBuildFile; fileRef = 1B79636420245985008C062B /* Assets.xcassets */; };
		1B79636820245985008C062B /* LaunchScreen.storyboard in Resources */ = {isa = PBXBuildFile; fileRef = 1B79636620245985008C062B /* LaunchScreen.storyboard */; };
		1B79637320245985008C062B /* SwiftTextDemoTests.swift in Sources */ = {isa = PBXBuildFile; fileRef = 1B79637220245985008C062B /* SwiftTextDemoTests.swift */; };
		1B79637E20245985008C062B /* SwiftTextDemoUITests.swift in Sources */ = {isa = PBXBuildFile; fileRef = 1B79637D20245985008C062B /* SwiftTextDemoUITests.swift */; };
		1B7963A820245A59008C062B /* CartModel.swift in Sources */ = {isa = PBXBuildFile; fileRef = 1B79638C20245A58008C062B /* CartModel.swift */; };
		1B7963A920245A59008C062B /* CartRecommendCell.swift in Sources */ = {isa = PBXBuildFile; fileRef = 1B79638E20245A58008C062B /* CartRecommendCell.swift */; };
		1B7963AA20245A59008C062B /* CartViewCell.xib in Resources */ = {isa = PBXBuildFile; fileRef = 1B79638F20245A58008C062B /* CartViewCell.xib */; };
		1B7963AB20245A59008C062B /* CartViewCell.swift in Sources */ = {isa = PBXBuildFile; fileRef = 1B79639020245A58008C062B /* CartViewCell.swift */; };
		1B7963AC20245A59008C062B /* AllProductViewController.swift in Sources */ = {isa = PBXBuildFile; fileRef = 1B79639120245A58008C062B /* AllProductViewController.swift */; };
		1B7963AD20245A59008C062B /* BanerCollViewCell.swift in Sources */ = {isa = PBXBuildFile; fileRef = 1B79639320245A59008C062B /* BanerCollViewCell.swift */; };
		1B7963AE20245A59008C062B /* IndexController.swift in Sources */ = {isa = PBXBuildFile; fileRef = 1B79639420245A59008C062B /* IndexController.swift */; };
		1B7963AF20245A59008C062B /* CustomCollViewCell.swift in Sources */ = {isa = PBXBuildFile; fileRef = 1B79639520245A59008C062B /* CustomCollViewCell.swift */; };
		1B7963B020245A59008C062B /* CustomCollViewCell.xib in Resources */ = {isa = PBXBuildFile; fileRef = 1B79639620245A59008C062B /* CustomCollViewCell.xib */; };
		1B7963B120245A59008C062B /* MyViewController.swift in Sources */ = {isa = PBXBuildFile; fileRef = 1B79639820245A59008C062B /* MyViewController.swift */; };
		1B7963B220245A59008C062B /* AnimationVController.swift in Sources */ = {isa = PBXBuildFile; fileRef = 1B79639A20245A59008C062B /* AnimationVController.swift */; };
		1B7963B320245A59008C062B /* AutoImageScrollView.swift in Sources */ = {isa = PBXBuildFile; fileRef = 1B79639C20245A59008C062B /* AutoImageScrollView.swift */; };
		1B7963B420245A59008C062B /* UIImageView+Extensions.swift in Sources */ = {isa = PBXBuildFile; fileRef = 1B79639D20245A59008C062B /* UIImageView+Extensions.swift */; };
		1B7963B520245A59008C062B /* UIButton+Extensions.swift in Sources */ = {isa = PBXBuildFile; fileRef = 1B79639E20245A59008C062B /* UIButton+Extensions.swift */; };
		1B7963B620245A59008C062B /* Macro.swift in Sources */ = {isa = PBXBuildFile; fileRef = 1B79639F20245A59008C062B /* Macro.swift */; };
		1B7963B720245A59008C062B /* UIBarButtonItem+Extensions.swift in Sources */ = {isa = PBXBuildFile; fileRef = 1B7963A020245A59008C062B /* UIBarButtonItem+Extensions.swift */; };
		1B7963B820245A59008C062B /* Bundle+Extensions.swift in Sources */ = {isa = PBXBuildFile; fileRef = 1B7963A120245A59008C062B /* Bundle+Extensions.swift */; };
		1B7963BA20245A59008C062B /* BaseViewController.swift in Sources */ = {isa = PBXBuildFile; fileRef = 1B7963A520245A59008C062B /* BaseViewController.swift */; };
		1B7963BB20245A59008C062B /* CustomNavController.swift in Sources */ = {isa = PBXBuildFile; fileRef = 1B7963A620245A59008C062B /* CustomNavController.swift */; };
		1B7963BC20245A59008C062B /* CustomTabbarController.swift in Sources */ = {isa = PBXBuildFile; fileRef = 1B7963A720245A59008C062B /* CustomTabbarController.swift */; };
		1B86CD6620286D51004B2219 /* test.json in Resources */ = {isa = PBXBuildFile; fileRef = 1B86CD6420286D50004B2219 /* test.json */; };
		1B86CD6820286E1C004B2219 /* cartData.json in Resources */ = {isa = PBXBuildFile; fileRef = 1B86CD6720286E1C004B2219 /* cartData.json */; };
		7ABE4D4BE8888B5C7775245C /* Pods_SwiftTextDemo.framework in Frameworks */ = {isa = PBXBuildFile; fileRef = A30E9B8CAB2AEE5892A2B561 /* Pods_SwiftTextDemo.framework */; };
/* End PBXBuildFile section */

/* Begin PBXContainerItemProxy section */
		1B79636F20245985008C062B /* PBXContainerItemProxy */ = {
			isa = PBXContainerItemProxy;
			containerPortal = 1B79635220245985008C062B /* Project object */;
			proxyType = 1;
			remoteGlobalIDString = 1B79635920245985008C062B;
			remoteInfo = SwiftTextDemo;
		};
		1B79637A20245985008C062B /* PBXContainerItemProxy */ = {
			isa = PBXContainerItemProxy;
			containerPortal = 1B79635220245985008C062B /* Project object */;
			proxyType = 1;
			remoteGlobalIDString = 1B79635920245985008C062B;
			remoteInfo = SwiftTextDemo;
		};
/* End PBXContainerItemProxy section */

/* Begin PBXFileReference section */
		1B79635A20245985008C062B /* SwiftTextDemo.app */ = {isa = PBXFileReference; explicitFileType = wrapper.application; includeInIndex = 0; path = SwiftTextDemo.app; sourceTree = BUILT_PRODUCTS_DIR; };
		1B79635D20245985008C062B /* AppDelegate.swift */ = {isa = PBXFileReference; lastKnownFileType = sourcecode.swift; path = AppDelegate.swift; sourceTree = "<group>"; };
		1B79635F20245985008C062B /* ViewController.swift */ = {isa = PBXFileReference; lastKnownFileType = sourcecode.swift; path = ViewController.swift; sourceTree = "<group>"; };
		1B79636220245985008C062B /* Base */ = {isa = PBXFileReference; lastKnownFileType = file.storyboard; name = Base; path = Base.lproj/Main.storyboard; sourceTree = "<group>"; };
		1B79636420245985008C062B /* Assets.xcassets */ = {isa = PBXFileReference; lastKnownFileType = folder.assetcatalog; path = Assets.xcassets; sourceTree = "<group>"; };
		1B79636720245985008C062B /* Base */ = {isa = PBXFileReference; lastKnownFileType = file.storyboard; name = Base; path = Base.lproj/LaunchScreen.storyboard; sourceTree = "<group>"; };
		1B79636920245985008C062B /* Info.plist */ = {isa = PBXFileReference; lastKnownFileType = text.plist.xml; path = Info.plist; sourceTree = "<group>"; };
		1B79636E20245985008C062B /* SwiftTextDemoTests.xctest */ = {isa = PBXFileReference; explicitFileType = wrapper.cfbundle; includeInIndex = 0; path = SwiftTextDemoTests.xctest; sourceTree = BUILT_PRODUCTS_DIR; };
		1B79637220245985008C062B /* SwiftTextDemoTests.swift */ = {isa = PBXFileReference; lastKnownFileType = sourcecode.swift; path = SwiftTextDemoTests.swift; sourceTree = "<group>"; };
		1B79637420245985008C062B /* Info.plist */ = {isa = PBXFileReference; lastKnownFileType = text.plist.xml; path = Info.plist; sourceTree = "<group>"; };
		1B79637920245985008C062B /* SwiftTextDemoUITests.xctest */ = {isa = PBXFileReference; explicitFileType = wrapper.cfbundle; includeInIndex = 0; path = SwiftTextDemoUITests.xctest; sourceTree = BUILT_PRODUCTS_DIR; };
		1B79637D20245985008C062B /* SwiftTextDemoUITests.swift */ = {isa = PBXFileReference; lastKnownFileType = sourcecode.swift; path = SwiftTextDemoUITests.swift; sourceTree = "<group>"; };
		1B79637F20245985008C062B /* Info.plist */ = {isa = PBXFileReference; lastKnownFileType = text.plist.xml; path = Info.plist; sourceTree = "<group>"; };
		1B79638C20245A58008C062B /* CartModel.swift */ = {isa = PBXFileReference; fileEncoding = 4; lastKnownFileType = sourcecode.swift; path = CartModel.swift; sourceTree = "<group>"; };
		1B79638E20245A58008C062B /* CartRecommendCell.swift */ = {isa = PBXFileReference; fileEncoding = 4; lastKnownFileType = sourcecode.swift; path = CartRecommendCell.swift; sourceTree = "<group>"; };
		1B79638F20245A58008C062B /* CartViewCell.xib */ = {isa = PBXFileReference; fileEncoding = 4; lastKnownFileType = file.xib; path = CartViewCell.xib; sourceTree = "<group>"; };
		1B79639020245A58008C062B /* CartViewCell.swift */ = {isa = PBXFileReference; fileEncoding = 4; lastKnownFileType = sourcecode.swift; path = CartViewCell.swift; sourceTree = "<group>"; };
		1B79639120245A58008C062B /* AllProductViewController.swift */ = {isa = PBXFileReference; fileEncoding = 4; lastKnownFileType = sourcecode.swift; path = AllProductViewController.swift; sourceTree = "<group>"; };
		1B79639320245A59008C062B /* BanerCollViewCell.swift */ = {isa = PBXFileReference; fileEncoding = 4; lastKnownFileType = sourcecode.swift; path = BanerCollViewCell.swift; sourceTree = "<group>"; };
		1B79639420245A59008C062B /* IndexController.swift */ = {isa = PBXFileReference; fileEncoding = 4; lastKnownFileType = sourcecode.swift; path = IndexController.swift; sourceTree = "<group>"; };
		1B79639520245A59008C062B /* CustomCollViewCell.swift */ = {isa = PBXFileReference; fileEncoding = 4; lastKnownFileType = sourcecode.swift; path = CustomCollViewCell.swift; sourceTree = "<group>"; };
		1B79639620245A59008C062B /* CustomCollViewCell.xib */ = {isa = PBXFileReference; fileEncoding = 4; lastKnownFileType = file.xib; path = CustomCollViewCell.xib; sourceTree = "<group>"; };
		1B79639820245A59008C062B /* MyViewController.swift */ = {isa = PBXFileReference; fileEncoding = 4; lastKnownFileType = sourcecode.swift; path = MyViewController.swift; sourceTree = "<group>"; };
		1B79639A20245A59008C062B /* AnimationVController.swift */ = {isa = PBXFileReference; fileEncoding = 4; lastKnownFileType = sourcecode.swift; path = AnimationVController.swift; sourceTree = "<group>"; };
		1B79639C20245A59008C062B /* AutoImageScrollView.swift */ = {isa = PBXFileReference; fileEncoding = 4; lastKnownFileType = sourcecode.swift; path = AutoImageScrollView.swift; sourceTree = "<group>"; };
		1B79639D20245A59008C062B /* UIImageView+Extensions.swift */ = {isa = PBXFileReference; fileEncoding = 4; lastKnownFileType = sourcecode.swift; path = "UIImageView+Extensions.swift"; sourceTree = "<group>"; };
		1B79639E20245A59008C062B /* UIButton+Extensions.swift */ = {isa = PBXFileReference; fileEncoding = 4; lastKnownFileType = sourcecode.swift; path = "UIButton+Extensions.swift"; sourceTree = "<group>"; };
		1B79639F20245A59008C062B /* Macro.swift */ = {isa = PBXFileReference; fileEncoding = 4; lastKnownFileType = sourcecode.swift; path = Macro.swift; sourceTree = "<group>"; };
		1B7963A020245A59008C062B /* UIBarButtonItem+Extensions.swift */ = {isa = PBXFileReference; fileEncoding = 4; lastKnownFileType = sourcecode.swift; path = "UIBarButtonItem+Extensions.swift"; sourceTree = "<group>"; };
		1B7963A120245A59008C062B /* Bundle+Extensions.swift */ = {isa = PBXFileReference; fileEncoding = 4; lastKnownFileType = sourcecode.swift; path = "Bundle+Extensions.swift"; sourceTree = "<group>"; };
		1B7963A520245A59008C062B /* BaseViewController.swift */ = {isa = PBXFileReference; fileEncoding = 4; lastKnownFileType = sourcecode.swift; path = BaseViewController.swift; sourceTree = "<group>"; };
		1B7963A620245A59008C062B /* CustomNavController.swift */ = {isa = PBXFileReference; fileEncoding = 4; lastKnownFileType = sourcecode.swift; path = CustomNavController.swift; sourceTree = "<group>"; };
		1B7963A720245A59008C062B /* CustomTabbarController.swift */ = {isa = PBXFileReference; fileEncoding = 4; lastKnownFileType = sourcecode.swift; path = CustomTabbarController.swift; sourceTree = "<group>"; };
		1B86CD6420286D50004B2219 /* test.json */ = {isa = PBXFileReference; fileEncoding = 4; lastKnownFileType = text.json; path = test.json; sourceTree = "<group>"; };
		1B86CD6720286E1C004B2219 /* cartData.json */ = {isa = PBXFileReference; fileEncoding = 4; lastKnownFileType = text.json; path = cartData.json; sourceTree = "<group>"; };
		54F47C7AD752763F1C9E9A8B /* Pods-SwiftTextDemo.debug.xcconfig */ = {isa = PBXFileReference; includeInIndex = 1; lastKnownFileType = text.xcconfig; name = "Pods-SwiftTextDemo.debug.xcconfig"; path = "Pods/Target Support Files/Pods-SwiftTextDemo/Pods-SwiftTextDemo.debug.xcconfig"; sourceTree = "<group>"; };
		9C00BBDF12693D6F9DC9F017 /* Pods-SwiftTextDemo.release.xcconfig */ = {isa = PBXFileReference; includeInIndex = 1; lastKnownFileType = text.xcconfig; name = "Pods-SwiftTextDemo.release.xcconfig"; path = "Pods/Target Support Files/Pods-SwiftTextDemo/Pods-SwiftTextDemo.release.xcconfig"; sourceTree = "<group>"; };
		A30E9B8CAB2AEE5892A2B561 /* Pods_SwiftTextDemo.framework */ = {isa = PBXFileReference; explicitFileType = wrapper.framework; includeInIndex = 0; path = Pods_SwiftTextDemo.framework; sourceTree = BUILT_PRODUCTS_DIR; };
/* End PBXFileReference section */

/* Begin PBXFrameworksBuildPhase section */
		1B79635720245985008C062B /* Frameworks */ = {
			isa = PBXFrameworksBuildPhase;
			buildActionMask = 2147483647;
			files = (
				7ABE4D4BE8888B5C7775245C /* Pods_SwiftTextDemo.framework in Frameworks */,
			);
			runOnlyForDeploymentPostprocessing = 0;
		};
		1B79636B20245985008C062B /* Frameworks */ = {
			isa = PBXFrameworksBuildPhase;
			buildActionMask = 2147483647;
			files = (
			);
			runOnlyForDeploymentPostprocessing = 0;
		};
		1B79637620245985008C062B /* Frameworks */ = {
			isa = PBXFrameworksBuildPhase;
			buildActionMask = 2147483647;
			files = (
			);
			runOnlyForDeploymentPostprocessing = 0;
		};
/* End PBXFrameworksBuildPhase section */

/* Begin PBXGroup section */
		1B79635120245985008C062B = {
			isa = PBXGroup;
			children = (
				1B79635C20245985008C062B /* SwiftTextDemo */,
				1B79637120245985008C062B /* SwiftTextDemoTests */,
				1B79637C20245985008C062B /* SwiftTextDemoUITests */,
				1B79635B20245985008C062B /* Products */,
				1E7CF6C14A8E4AA670A411B1 /* Pods */,
				F302B72340A4802EC625D612 /* Frameworks */,
			);
			sourceTree = "<group>";
		};
		1B79635B20245985008C062B /* Products */ = {
			isa = PBXGroup;
			children = (
				1B79635A20245985008C062B /* SwiftTextDemo.app */,
				1B79636E20245985008C062B /* SwiftTextDemoTests.xctest */,
				1B79637920245985008C062B /* SwiftTextDemoUITests.xctest */,
			);
			name = Products;
			sourceTree = "<group>";
		};
		1B79635C20245985008C062B /* SwiftTextDemo */ = {
			isa = PBXGroup;
			children = (
				1B79639220245A59008C062B /* IndexController */,
				1B7963A420245A59008C062B /* MainController */,
				1B79638D20245A58008C062B /* AllProductCroller */,
				1B79638B20245A58008C062B /* Model */,
				1B79639720245A59008C062B /* MyController */,
				1B7963A220245A59008C062B /* Other */,
				1B79639B20245A59008C062B /* Tools */,
				1B79635D20245985008C062B /* AppDelegate.swift */,
				1B79635F20245985008C062B /* ViewController.swift */,
				1B79636120245985008C062B /* Main.storyboard */,
				1B79636420245985008C062B /* Assets.xcassets */,
				1B79636620245985008C062B /* LaunchScreen.storyboard */,
				1B79636920245985008C062B /* Info.plist */,
			);
			path = SwiftTextDemo;
			sourceTree = "<group>";
		};
		1B79637120245985008C062B /* SwiftTextDemoTests */ = {
			isa = PBXGroup;
			children = (
				1B79637220245985008C062B /* SwiftTextDemoTests.swift */,
				1B79637420245985008C062B /* Info.plist */,
			);
			path = SwiftTextDemoTests;
			sourceTree = "<group>";
		};
		1B79637C20245985008C062B /* SwiftTextDemoUITests */ = {
			isa = PBXGroup;
			children = (
				1B79637D20245985008C062B /* SwiftTextDemoUITests.swift */,
				1B79637F20245985008C062B /* Info.plist */,
			);
			path = SwiftTextDemoUITests;
			sourceTree = "<group>";
		};
		1B79638B20245A58008C062B /* Model */ = {
			isa = PBXGroup;
			children = (
				1B86CD6720286E1C004B2219 /* cartData.json */,
				1B79638C20245A58008C062B /* CartModel.swift */,
			);
			path = Model;
			sourceTree = "<group>";
		};
		1B79638D20245A58008C062B /* AllProductCroller */ = {
			isa = PBXGroup;
			children = (
				1B79638E20245A58008C062B /* CartRecommendCell.swift */,
				1B79638F20245A58008C062B /* CartViewCell.xib */,
				1B79639020245A58008C062B /* CartViewCell.swift */,
				1B79639120245A58008C062B /* AllProductViewController.swift */,
			);
			path = AllProductCroller;
			sourceTree = "<group>";
		};
		1B79639220245A59008C062B /* IndexController */ = {
			isa = PBXGroup;
			children = (
				1B79639320245A59008C062B /* BanerCollViewCell.swift */,
				1B79639420245A59008C062B /* IndexController.swift */,
				1B79639520245A59008C062B /* CustomCollViewCell.swift */,
				1B79639620245A59008C062B /* CustomCollViewCell.xib */,
			);
			path = IndexController;
			sourceTree = "<group>";
		};
		1B79639720245A59008C062B /* MyController */ = {
			isa = PBXGroup;
			children = (
				1B79639820245A59008C062B /* MyViewController.swift */,
				1B79639920245A59008C062B /* OrderUIController */,
			);
			path = MyController;
			sourceTree = "<group>";
		};
		1B79639920245A59008C062B /* OrderUIController */ = {
			isa = PBXGroup;
			children = (
				1B79639A20245A59008C062B /* AnimationVController.swift */,
			);
			path = OrderUIController;
			sourceTree = "<group>";
		};
		1B79639B20245A59008C062B /* Tools */ = {
			isa = PBXGroup;
			children = (
				1B79639C20245A59008C062B /* AutoImageScrollView.swift */,
				1B79639D20245A59008C062B /* UIImageView+Extensions.swift */,
				1B79639E20245A59008C062B /* UIButton+Extensions.swift */,
				1B79639F20245A59008C062B /* Macro.swift */,
				1B7963A020245A59008C062B /* UIBarButtonItem+Extensions.swift */,
				1B7963A120245A59008C062B /* Bundle+Extensions.swift */,
			);
			path = Tools;
			sourceTree = "<group>";
		};
		1B7963A220245A59008C062B /* Other */ = {
			isa = PBXGroup;
			children = (
				1B86CD6420286D50004B2219 /* test.json */,
			);
			path = Other;
			sourceTree = "<group>";
		};
		1B7963A420245A59008C062B /* MainController */ = {
			isa = PBXGroup;
			children = (
				1B7963A520245A59008C062B /* BaseViewController.swift */,
				1B7963A620245A59008C062B /* CustomNavController.swift */,
				1B7963A720245A59008C062B /* CustomTabbarController.swift */,
			);
			path = MainController;
			sourceTree = "<group>";
		};
		1E7CF6C14A8E4AA670A411B1 /* Pods */ = {
			isa = PBXGroup;
			children = (
				54F47C7AD752763F1C9E9A8B /* Pods-SwiftTextDemo.debug.xcconfig */,
				9C00BBDF12693D6F9DC9F017 /* Pods-SwiftTextDemo.release.xcconfig */,
			);
			name = Pods;
			sourceTree = "<group>";
		};
		F302B72340A4802EC625D612 /* Frameworks */ = {
			isa = PBXGroup;
			children = (
				A30E9B8CAB2AEE5892A2B561 /* Pods_SwiftTextDemo.framework */,
			);
			name = Frameworks;
			sourceTree = "<group>";
		};
/* End PBXGroup section */

/* Begin PBXNativeTarget section */
		1B79635920245985008C062B /* SwiftTextDemo */ = {
			isa = PBXNativeTarget;
			buildConfigurationList = 1B79638220245985008C062B /* Build configuration list for PBXNativeTarget "SwiftTextDemo" */;
			buildPhases = (
				B3F5F66D55808335A4D2A607 /* [CP] Check Pods Manifest.lock */,
				1B79635620245985008C062B /* Sources */,
				1B79635720245985008C062B /* Frameworks */,
				1B79635820245985008C062B /* Resources */,
				68A848E92FA4FF5DD2E44172 /* [CP] Embed Pods Frameworks */,
				42F26314CC5A28BD11E5A0C2 /* [CP] Copy Pods Resources */,
			);
			buildRules = (
			);
			dependencies = (
			);
			name = SwiftTextDemo;
			productName = SwiftTextDemo;
			productReference = 1B79635A20245985008C062B /* SwiftTextDemo.app */;
			productType = "com.apple.product-type.application";
		};
		1B79636D20245985008C062B /* SwiftTextDemoTests */ = {
			isa = PBXNativeTarget;
			buildConfigurationList = 1B79638520245985008C062B /* Build configuration list for PBXNativeTarget "SwiftTextDemoTests" */;
			buildPhases = (
				1B79636A20245985008C062B /* Sources */,
				1B79636B20245985008C062B /* Frameworks */,
				1B79636C20245985008C062B /* Resources */,
			);
			buildRules = (
			);
			dependencies = (
				1B79637020245985008C062B /* PBXTargetDependency */,
			);
			name = SwiftTextDemoTests;
			productName = SwiftTextDemoTests;
			productReference = 1B79636E20245985008C062B /* SwiftTextDemoTests.xctest */;
			productType = "com.apple.product-type.bundle.unit-test";
		};
		1B79637820245985008C062B /* SwiftTextDemoUITests */ = {
			isa = PBXNativeTarget;
			buildConfigurationList = 1B79638820245985008C062B /* Build configuration list for PBXNativeTarget "SwiftTextDemoUITests" */;
			buildPhases = (
				1B79637520245985008C062B /* Sources */,
				1B79637620245985008C062B /* Frameworks */,
				1B79637720245985008C062B /* Resources */,
			);
			buildRules = (
			);
			dependencies = (
				1B79637B20245985008C062B /* PBXTargetDependency */,
			);
			name = SwiftTextDemoUITests;
			productName = SwiftTextDemoUITests;
			productReference = 1B79637920245985008C062B /* SwiftTextDemoUITests.xctest */;
			productType = "com.apple.product-type.bundle.ui-testing";
		};
/* End PBXNativeTarget section */

/* Begin PBXProject section */
		1B79635220245985008C062B /* Project object */ = {
			isa = PBXProject;
			attributes = {
				LastSwiftUpdateCheck = 0920;
				LastUpgradeCheck = 0920;
				ORGANIZATIONNAME = bddzzw;
				TargetAttributes = {
					1B79635920245985008C062B = {
						CreatedOnToolsVersion = 9.2;
						ProvisioningStyle = Automatic;
					};
					1B79636D20245985008C062B = {
						CreatedOnToolsVersion = 9.2;
						ProvisioningStyle = Automatic;
						TestTargetID = 1B79635920245985008C062B;
					};
					1B79637820245985008C062B = {
						CreatedOnToolsVersion = 9.2;
						ProvisioningStyle = Automatic;
						TestTargetID = 1B79635920245985008C062B;
					};
				};
			};
			buildConfigurationList = 1B79635520245985008C062B /* Build configuration list for PBXProject "SwiftTextDemo" */;
			compatibilityVersion = "Xcode 8.0";
			developmentRegion = en;
			hasScannedForEncodings = 0;
			knownRegions = (
				en,
				Base,
			);
			mainGroup = 1B79635120245985008C062B;
			productRefGroup = 1B79635B20245985008C062B /* Products */;
			projectDirPath = "";
			projectRoot = "";
			targets = (
				1B79635920245985008C062B /* SwiftTextDemo */,
				1B79636D20245985008C062B /* SwiftTextDemoTests */,
				1B79637820245985008C062B /* SwiftTextDemoUITests */,
			);
		};
/* End PBXProject section */

/* Begin PBXResourcesBuildPhase section */
		1B79635820245985008C062B /* Resources */ = {
			isa = PBXResourcesBuildPhase;
			buildActionMask = 2147483647;
			files = (
				1B79636820245985008C062B /* LaunchScreen.storyboard in Resources */,
				1B86CD6820286E1C004B2219 /* cartData.json in Resources */,
				1B79636520245985008C062B /* Assets.xcassets in Resources */,
				1B7963AA20245A59008C062B /* CartViewCell.xib in Resources */,
				1B79636320245985008C062B /* Main.storyboard in Resources */,
				1B7963B020245A59008C062B /* CustomCollViewCell.xib in Resources */,
				1B86CD6620286D51004B2219 /* test.json in Resources */,
			);
			runOnlyForDeploymentPostprocessing = 0;
		};
		1B79636C20245985008C062B /* Resources */ = {
			isa = PBXResourcesBuildPhase;
			buildActionMask = 2147483647;
			files = (
			);
			runOnlyForDeploymentPostprocessing = 0;
		};
		1B79637720245985008C062B /* Resources */ = {
			isa = PBXResourcesBuildPhase;
			buildActionMask = 2147483647;
			files = (
			);
			runOnlyForDeploymentPostprocessing = 0;
		};
/* End PBXResourcesBuildPhase section */

/* Begin PBXShellScriptBuildPhase section */
		42F26314CC5A28BD11E5A0C2 /* [CP] Copy Pods Resources */ = {
			isa = PBXShellScriptBuildPhase;
			buildActionMask = 2147483647;
			files = (
			);
			inputPaths = (
			);
			name = "[CP] Copy Pods Resources";
			outputPaths = (
			);
			runOnlyForDeploymentPostprocessing = 0;
			shellPath = /bin/sh;
			shellScript = "\"${SRCROOT}/Pods/Target Support Files/Pods-SwiftTextDemo/Pods-SwiftTextDemo-resources.sh\"\n";
			showEnvVarsInLog = 0;
		};
		68A848E92FA4FF5DD2E44172 /* [CP] Embed Pods Frameworks */ = {
			isa = PBXShellScriptBuildPhase;
			buildActionMask = 2147483647;
			files = (
			);
			inputPaths = (
				"${SRCROOT}/Pods/Target Support Files/Pods-SwiftTextDemo/Pods-SwiftTextDemo-frameworks.sh",
				"${BUILT_PRODUCTS_DIR}/SwiftyJSON/SwiftyJSON.framework",
			);
			name = "[CP] Embed Pods Frameworks";
			outputPaths = (
				"${TARGET_BUILD_DIR}/${FRAMEWORKS_FOLDER_PATH}/SwiftyJSON.framework",
			);
			runOnlyForDeploymentPostprocessing = 0;
			shellPath = /bin/sh;
			shellScript = "\"${SRCROOT}/Pods/Target Support Files/Pods-SwiftTextDemo/Pods-SwiftTextDemo-frameworks.sh\"\n";
			showEnvVarsInLog = 0;
		};
		B3F5F66D55808335A4D2A607 /* [CP] Check Pods Manifest.lock */ = {
			isa = PBXShellScriptBuildPhase;
			buildActionMask = 2147483647;
			files = (
			);
			inputPaths = (
				"${PODS_PODFILE_DIR_PATH}/Podfile.lock",
				"${PODS_ROOT}/Manifest.lock",
			);
			name = "[CP] Check Pods Manifest.lock";
			outputPaths = (
				"$(DERIVED_FILE_DIR)/Pods-SwiftTextDemo-checkManifestLockResult.txt",
			);
			runOnlyForDeploymentPostprocessing = 0;
			shellPath = /bin/sh;
			shellScript = "diff \"${PODS_PODFILE_DIR_PATH}/Podfile.lock\" \"${PODS_ROOT}/Manifest.lock\" > /dev/null\nif [ $? != 0 ] ; then\n    # print error to STDERR\n    echo \"error: The sandbox is not in sync with the Podfile.lock. Run 'pod install' or update your CocoaPods installation.\" >&2\n    exit 1\nfi\n# This output is used by Xcode 'outputs' to avoid re-running this script phase.\necho \"SUCCESS\" > \"${SCRIPT_OUTPUT_FILE_0}\"\n";
			showEnvVarsInLog = 0;
		};
/* End PBXShellScriptBuildPhase section */

/* Begin PBXSourcesBuildPhase section */
		1B79635620245985008C062B /* Sources */ = {
			isa = PBXSourcesBuildPhase;
			buildActionMask = 2147483647;
			files = (
				1B7963B420245A59008C062B /* UIImageView+Extensions.swift in Sources */,
				1B7963B520245A59008C062B /* UIButton+Extensions.swift in Sources */,
				1B7963AB20245A59008C062B /* CartViewCell.swift in Sources */,
				1B7963B820245A59008C062B /* Bundle+Extensions.swift in Sources */,
				1B7963A820245A59008C062B /* CartModel.swift in Sources */,
				1B7963BA20245A59008C062B /* BaseViewController.swift in Sources */,
				1B7963B620245A59008C062B /* Macro.swift in Sources */,
				1B7963AF20245A59008C062B /* CustomCollViewCell.swift in Sources */,
				1B79636020245985008C062B /* ViewController.swift in Sources */,
				1B7963A920245A59008C062B /* CartRecommendCell.swift in Sources */,
				1B7963BC20245A59008C062B /* CustomTabbarController.swift in Sources */,
				1B7963B720245A59008C062B /* UIBarButtonItem+Extensions.swift in Sources */,
				1B7963BB20245A59008C062B /* CustomNavController.swift in Sources */,
				1B7963AE20245A59008C062B /* IndexController.swift in Sources */,
				1B7963B320245A59008C062B /* AutoImageScrollView.swift in Sources */,
				1B7963AC20245A59008C062B /* AllProductViewController.swift in Sources */,
				1B7963AD20245A59008C062B /* BanerCollViewCell.swift in Sources */,
				1B7963B120245A59008C062B /* MyViewController.swift in Sources */,
				1B79635E20245985008C062B /* AppDelegate.swift in Sources */,
				1B7963B220245A59008C062B /* AnimationVController.swift in Sources */,
			);
			runOnlyForDeploymentPostprocessing = 0;
		};
		1B79636A20245985008C062B /* Sources */ = {
			isa = PBXSourcesBuildPhase;
			buildActionMask = 2147483647;
			files = (
				1B79637320245985008C062B /* SwiftTextDemoTests.swift in Sources */,
			);
			runOnlyForDeploymentPostprocessing = 0;
		};
		1B79637520245985008C062B /* Sources */ = {
			isa = PBXSourcesBuildPhase;
			buildActionMask = 2147483647;
			files = (
				1B79637E20245985008C062B /* SwiftTextDemoUITests.swift in Sources */,
			);
			runOnlyForDeploymentPostprocessing = 0;
		};
/* End PBXSourcesBuildPhase section */

/* Begin PBXTargetDependency section */
		1B79637020245985008C062B /* PBXTargetDependency */ = {
			isa = PBXTargetDependency;
			target = 1B79635920245985008C062B /* SwiftTextDemo */;
			targetProxy = 1B79636F20245985008C062B /* PBXContainerItemProxy */;
		};
		1B79637B20245985008C062B /* PBXTargetDependency */ = {
			isa = PBXTargetDependency;
			target = 1B79635920245985008C062B /* SwiftTextDemo */;
			targetProxy = 1B79637A20245985008C062B /* PBXContainerItemProxy */;
		};
/* End PBXTargetDependency section */

/* Begin PBXVariantGroup section */
		1B79636120245985008C062B /* Main.storyboard */ = {
			isa = PBXVariantGroup;
			children = (
				1B79636220245985008C062B /* Base */,
			);
			name = Main.storyboard;
			sourceTree = "<group>";
		};
		1B79636620245985008C062B /* LaunchScreen.storyboard */ = {
			isa = PBXVariantGroup;
			children = (
				1B79636720245985008C062B /* Base */,
			);
			name = LaunchScreen.storyboard;
			sourceTree = "<group>";
		};
/* End PBXVariantGroup section */

/* Begin XCBuildConfiguration section */
		1B79638020245985008C062B /* Debug */ = {
			isa = XCBuildConfiguration;
			buildSettings = {
				ALWAYS_SEARCH_USER_PATHS = NO;
				CLANG_ANALYZER_NONNULL = YES;
				CLANG_ANALYZER_NUMBER_OBJECT_CONVERSION = YES_AGGRESSIVE;
				CLANG_CXX_LANGUAGE_STANDARD = "gnu++14";
				CLANG_CXX_LIBRARY = "libc++";
				CLANG_ENABLE_MODULES = YES;
				CLANG_ENABLE_OBJC_ARC = YES;
				CLANG_WARN_BLOCK_CAPTURE_AUTORELEASING = YES;
				CLANG_WARN_BOOL_CONVERSION = YES;
				CLANG_WARN_COMMA = YES;
				CLANG_WARN_CONSTANT_CONVERSION = YES;
				CLANG_WARN_DIRECT_OBJC_ISA_USAGE = YES_ERROR;
				CLANG_WARN_DOCUMENTATION_COMMENTS = YES;
				CLANG_WARN_EMPTY_BODY = YES;
				CLANG_WARN_ENUM_CONVERSION = YES;
				CLANG_WARN_INFINITE_RECURSION = YES;
				CLANG_WARN_INT_CONVERSION = YES;
				CLANG_WARN_NON_LITERAL_NULL_CONVERSION = YES;
				CLANG_WARN_OBJC_LITERAL_CONVERSION = YES;
				CLANG_WARN_OBJC_ROOT_CLASS = YES_ERROR;
				CLANG_WARN_RANGE_LOOP_ANALYSIS = YES;
				CLANG_WARN_STRICT_PROTOTYPES = YES;
				CLANG_WARN_SUSPICIOUS_MOVE = YES;
				CLANG_WARN_UNGUARDED_AVAILABILITY = YES_AGGRESSIVE;
				CLANG_WARN_UNREACHABLE_CODE = YES;
				CLANG_WARN__DUPLICATE_METHOD_MATCH = YES;
				CODE_SIGN_IDENTITY = "iPhone Developer";
				COPY_PHASE_STRIP = NO;
				DEBUG_INFORMATION_FORMAT = dwarf;
				ENABLE_STRICT_OBJC_MSGSEND = YES;
				ENABLE_TESTABILITY = YES;
				GCC_C_LANGUAGE_STANDARD = gnu11;
				GCC_DYNAMIC_NO_PIC = NO;
				GCC_NO_COMMON_BLOCKS = YES;
				GCC_OPTIMIZATION_LEVEL = 0;
				GCC_PREPROCESSOR_DEFINITIONS = (
					"DEBUG=1",
					"$(inherited)",
				);
				GCC_WARN_64_TO_32_BIT_CONVERSION = YES;
				GCC_WARN_ABOUT_RETURN_TYPE = YES_ERROR;
				GCC_WARN_UNDECLARED_SELECTOR = YES;
				GCC_WARN_UNINITIALIZED_AUTOS = YES_AGGRESSIVE;
				GCC_WARN_UNUSED_FUNCTION = YES;
				GCC_WARN_UNUSED_VARIABLE = YES;
				IPHONEOS_DEPLOYMENT_TARGET = 11.2;
				MTL_ENABLE_DEBUG_INFO = YES;
				ONLY_ACTIVE_ARCH = YES;
				SDKROOT = iphoneos;
				SWIFT_ACTIVE_COMPILATION_CONDITIONS = DEBUG;
				SWIFT_OPTIMIZATION_LEVEL = "-Onone";
			};
			name = Debug;
		};
		1B79638120245985008C062B /* Release */ = {
			isa = XCBuildConfiguration;
			buildSettings = {
				ALWAYS_SEARCH_USER_PATHS = NO;
				CLANG_ANALYZER_NONNULL = YES;
				CLANG_ANALYZER_NUMBER_OBJECT_CONVERSION = YES_AGGRESSIVE;
				CLANG_CXX_LANGUAGE_STANDARD = "gnu++14";
				CLANG_CXX_LIBRARY = "libc++";
				CLANG_ENABLE_MODULES = YES;
				CLANG_ENABLE_OBJC_ARC = YES;
				CLANG_WARN_BLOCK_CAPTURE_AUTORELEASING = YES;
				CLANG_WARN_BOOL_CONVERSION = YES;
				CLANG_WARN_COMMA = YES;
				CLANG_WARN_CONSTANT_CONVERSION = YES;
				CLANG_WARN_DIRECT_OBJC_ISA_USAGE = YES_ERROR;
				CLANG_WARN_DOCUMENTATION_COMMENTS = YES;
				CLANG_WARN_EMPTY_BODY = YES;
				CLANG_WARN_ENUM_CONVERSION = YES;
				CLANG_WARN_INFINITE_RECURSION = YES;
				CLANG_WARN_INT_CONVERSION = YES;
				CLANG_WARN_NON_LITERAL_NULL_CONVERSION = YES;
				CLANG_WARN_OBJC_LITERAL_CONVERSION = YES;
				CLANG_WARN_OBJC_ROOT_CLASS = YES_ERROR;
				CLANG_WARN_RANGE_LOOP_ANALYSIS = YES;
				CLANG_WARN_STRICT_PROTOTYPES = YES;
				CLANG_WARN_SUSPICIOUS_MOVE = YES;
				CLANG_WARN_UNGUARDED_AVAILABILITY = YES_AGGRESSIVE;
				CLANG_WARN_UNREACHABLE_CODE = YES;
				CLANG_WARN__DUPLICATE_METHOD_MATCH = YES;
				CODE_SIGN_IDENTITY = "iPhone Developer";
				COPY_PHASE_STRIP = NO;
				DEBUG_INFORMATION_FORMAT = "dwarf-with-dsym";
				ENABLE_NS_ASSERTIONS = NO;
				ENABLE_STRICT_OBJC_MSGSEND = YES;
				GCC_C_LANGUAGE_STANDARD = gnu11;
				GCC_NO_COMMON_BLOCKS = YES;
				GCC_WARN_64_TO_32_BIT_CONVERSION = YES;
				GCC_WARN_ABOUT_RETURN_TYPE = YES_ERROR;
				GCC_WARN_UNDECLARED_SELECTOR = YES;
				GCC_WARN_UNINITIALIZED_AUTOS = YES_AGGRESSIVE;
				GCC_WARN_UNUSED_FUNCTION = YES;
				GCC_WARN_UNUSED_VARIABLE = YES;
				IPHONEOS_DEPLOYMENT_TARGET = 11.2;
				MTL_ENABLE_DEBUG_INFO = NO;
				SDKROOT = iphoneos;
				SWIFT_OPTIMIZATION_LEVEL = "-Owholemodule";
				VALIDATE_PRODUCT = YES;
			};
			name = Release;
		};
		1B79638320245985008C062B /* Debug */ = {
			isa = XCBuildConfiguration;
			baseConfigurationReference = 54F47C7AD752763F1C9E9A8B /* Pods-SwiftTextDemo.debug.xcconfig */;
			buildSettings = {
				ASSETCATALOG_COMPILER_APPICON_NAME = AppIcon;
				CODE_SIGN_STYLE = Automatic;
				DEVELOPMENT_TEAM = FVV6F3E74Y;
				INFOPLIST_FILE = SwiftTextDemo/Info.plist;
				LD_RUNPATH_SEARCH_PATHS = "$(inherited) @executable_path/Frameworks";
				PRODUCT_BUNDLE_IDENTIFIER = happing.SwiftTextDemo;
				PRODUCT_NAME = "$(TARGET_NAME)";
				SWIFT_VERSION = 4.0;
				TARGETED_DEVICE_FAMILY = "1,2";
			};
			name = Debug;
		};
		1B79638420245985008C062B /* Release */ = {
			isa = XCBuildConfiguration;
			baseConfigurationReference = 9C00BBDF12693D6F9DC9F017 /* Pods-SwiftTextDemo.release.xcconfig */;
			buildSettings = {
				ASSETCATALOG_COMPILER_APPICON_NAME = AppIcon;
				CODE_SIGN_STYLE = Automatic;
				DEVELOPMENT_TEAM = FVV6F3E74Y;
				INFOPLIST_FILE = SwiftTextDemo/Info.plist;
				LD_RUNPATH_SEARCH_PATHS = "$(inherited) @executable_path/Frameworks";
				PRODUCT_BUNDLE_IDENTIFIER = happing.SwiftTextDemo;
				PRODUCT_NAME = "$(TARGET_NAME)";
				SWIFT_VERSION = 4.0;
				TARGETED_DEVICE_FAMILY = "1,2";
			};
			name = Release;
		};
		1B79638620245985008C062B /* Debug */ = {
			isa = XCBuildConfiguration;
			buildSettings = {
				ALWAYS_EMBED_SWIFT_STANDARD_LIBRARIES = YES;
				BUNDLE_LOADER = "$(TEST_HOST)";
				CODE_SIGN_STYLE = Automatic;
				DEVELOPMENT_TEAM = FVV6F3E74Y;
				INFOPLIST_FILE = SwiftTextDemoTests/Info.plist;
				LD_RUNPATH_SEARCH_PATHS = "$(inherited) @executable_path/Frameworks @loader_path/Frameworks";
				PRODUCT_BUNDLE_IDENTIFIER = happing.SwiftTextDemoTests;
				PRODUCT_NAME = "$(TARGET_NAME)";
				SWIFT_VERSION = 4.0;
				TARGETED_DEVICE_FAMILY = "1,2";
				TEST_HOST = "$(BUILT_PRODUCTS_DIR)/SwiftTextDemo.app/SwiftTextDemo";
			};
			name = Debug;
		};
		1B79638720245985008C062B /* Release */ = {
			isa = XCBuildConfiguration;
			buildSettings = {
				ALWAYS_EMBED_SWIFT_STANDARD_LIBRARIES = YES;
				BUNDLE_LOADER = "$(TEST_HOST)";
				CODE_SIGN_STYLE = Automatic;
				DEVELOPMENT_TEAM = FVV6F3E74Y;
				INFOPLIST_FILE = SwiftTextDemoTests/Info.plist;
				LD_RUNPATH_SEARCH_PATHS = "$(inherited) @executable_path/Frameworks @loader_path/Frameworks";
				PRODUCT_BUNDLE_IDENTIFIER = happing.SwiftTextDemoTests;
				PRODUCT_NAME = "$(TARGET_NAME)";
				SWIFT_VERSION = 4.0;
				TARGETED_DEVICE_FAMILY = "1,2";
				TEST_HOST = "$(BUILT_PRODUCTS_DIR)/SwiftTextDemo.app/SwiftTextDemo";
			};
			name = Release;
		};
		1B79638920245985008C062B /* Debug */ = {
			isa = XCBuildConfiguration;
			buildSettings = {
				ALWAYS_EMBED_SWIFT_STANDARD_LIBRARIES = YES;
				CODE_SIGN_STYLE = Automatic;
				DEVELOPMENT_TEAM = FVV6F3E74Y;
				INFOPLIST_FILE = SwiftTextDemoUITests/Info.plist;
				LD_RUNPATH_SEARCH_PATHS = "$(inherited) @executable_path/Frameworks @loader_path/Frameworks";
				PRODUCT_BUNDLE_IDENTIFIER = happing.SwiftTextDemoUITests;
				PRODUCT_NAME = "$(TARGET_NAME)";
				SWIFT_VERSION = 4.0;
				TARGETED_DEVICE_FAMILY = "1,2";
				TEST_TARGET_NAME = SwiftTextDemo;
			};
			name = Debug;
		};
		1B79638A20245985008C062B /* Release */ = {
			isa = XCBuildConfiguration;
			buildSettings = {
				ALWAYS_EMBED_SWIFT_STANDARD_LIBRARIES = YES;
				CODE_SIGN_STYLE = Automatic;
				DEVELOPMENT_TEAM = FVV6F3E74Y;
				INFOPLIST_FILE = SwiftTextDemoUITests/Info.plist;
				LD_RUNPATH_SEARCH_PATHS = "$(inherited) @executable_path/Frameworks @loader_path/Frameworks";
				PRODUCT_BUNDLE_IDENTIFIER = happing.SwiftTextDemoUITests;
				PRODUCT_NAME = "$(TARGET_NAME)";
				SWIFT_VERSION = 4.0;
				TARGETED_DEVICE_FAMILY = "1,2";
				TEST_TARGET_NAME = SwiftTextDemo;
			};
			name = Release;
		};
/* End XCBuildConfiguration section */

/* Begin XCConfigurationList section */
		1B79635520245985008C062B /* Build configuration list for PBXProject "SwiftTextDemo" */ = {
			isa = XCConfigurationList;
			buildConfigurations = (
				1B79638020245985008C062B /* Debug */,
				1B79638120245985008C062B /* Release */,
			);
			defaultConfigurationIsVisible = 0;
			defaultConfigurationName = Release;
		};
		1B79638220245985008C062B /* Build configuration list for PBXNativeTarget "SwiftTextDemo" */ = {
			isa = XCConfigurationList;
			buildConfigurations = (
				1B79638320245985008C062B /* Debug */,
				1B79638420245985008C062B /* Release */,
			);
			defaultConfigurationIsVisible = 0;
			defaultConfigurationName = Release;
		};
		1B79638520245985008C062B /* Build configuration list for PBXNativeTarget "SwiftTextDemoTests" */ = {
			isa = XCConfigurationList;
			buildConfigurations = (
				1B79638620245985008C062B /* Debug */,
				1B79638720245985008C062B /* Release */,
			);
			defaultConfigurationIsVisible = 0;
			defaultConfigurationName = Release;
		};
		1B79638820245985008C062B /* Build configuration list for PBXNativeTarget "SwiftTextDemoUITests" */ = {
			isa = XCConfigurationList;
			buildConfigurations = (
				1B79638920245985008C062B /* Debug */,
				1B79638A20245985008C062B /* Release */,
			);
			defaultConfigurationIsVisible = 0;
			defaultConfigurationName = Release;
		};
/* End XCConfigurationList section */
	};
	rootObject = 1B79635220245985008C062B /* Project object */;
}
